
Microsoft Visual Studio Solution File, Format Version 12.00
# Visual Studio Version 16
VisualStudioVersion = 25.0.1706.4
MinimumVisualStudioVersion = 10.0.40219.1
Project("{FAE04EC0-301F-11D3-BF4B-00C04F79EFBC}") = "KFU5", "KFU5\KFU5.csproj", "{7F754C8B-A8B2-45BC-BF67-0353070BAC88}"
EndProject
Global
	GlobalSection(SolutionConfigurationPlatforms) = preSolution
		Debug|Any CPU = Debug|Any CPU
		Release|Any CPU = Release|Any CPU
	EndGlobalSection
	GlobalSection(ProjectConfigurationPlatforms) = postSolution
		{7F754C8B-A8B2-45BC-BF67-0353070BAC88}.Debug|Any CPU.ActiveCfg = Debug|Any CPU
		{7F754C8B-A8B2-45BC-BF67-0353070BAC88}.Debug|Any CPU.Build.0 = Debug|Any CPU
		{7F754C8B-A8B2-45BC-BF67-0353070BAC88}.Release|Any CPU.ActiveCfg = Release|Any CPU
		{7F754C8B-A8B2-45BC-BF67-0353070BAC88}.Release|Any CPU.Build.0 = Release|Any CPU
	EndGlobalSection
	GlobalSection(SolutionProperties) = preSolution
		HideSolutionNode = FALSE
	EndGlobalSection
	GlobalSection(ExtensibilityGlobals) = postSolution
		SolutionGuid = {899F4EF7-263D-4A33-B7BC-0824589B441C}
	EndGlobalSection
EndGlobal
